
Microsoft Visual Studio Solution File, Format Version 12.00
Project("{FAE04EC0-301F-11D3-BF4B-00C04F79EFBC}") = "WebApp", "WebApp\WebApp.csproj", "{586391AE-0906-4B0C-809B-3B41D5182C00}"
EndProject
Project("{FAE04EC0-301F-11D3-BF4B-00C04F79EFBC}") = "DAL.App", "DAL.App\DAL.App.csproj", "{D645A143-D392-4473-95DC-7A30EAD0136C}"
EndProject
Project("{FAE04EC0-301F-11D3-BF4B-00C04F79EFBC}") = "Domain", "Domain\Domain.csproj", "{DB7B1522-EE31-4488-8DA2-F917056FCC5D}"
EndProject
Project("{2150E333-8FDC-42A3-9474-1A3956D46DE8}") = "_SolutionItems", "_SolutionItems", "{48CAE72F-3937-4004-942F-644FD87293A5}"
ProjectSection(SolutionItems) = preProject
	.gitignore = .gitignore
	Directory.Build.props = Directory.Build.props
	..\README.md = ..\README.md
EndProjectSection
EndProject
Project("{FAE04EC0-301F-11D3-BF4B-00C04F79EFBC}") = "PublicApi.DTO.v1", "PublicApi.DTO.v1\PublicApi.DTO.v1.csproj", "{958ECEFF-BAF6-4263-B395-246C25F193E4}"
EndProject
Project("{FAE04EC0-301F-11D3-BF4B-00C04F79EFBC}") = "DAL.Base", "DAL.Base\DAL.Base.csproj", "{4550BB03-66CA-4939-8D68-90B5A6205B41}"
EndProject
Project("{FAE04EC0-301F-11D3-BF4B-00C04F79EFBC}") = "Contracts.DAL.Base", "Contracts.DAL.Base\Contracts.DAL.Base.csproj", "{9978A92B-BD9E-4B14-A184-C28B09653544}"
EndProject
Project("{FAE04EC0-301F-11D3-BF4B-00C04F79EFBC}") = "Contracts.Domain.Base", "Contracts.Domain.Base\Contracts.Domain.Base.csproj", "{EE414258-1A1D-4222-A2E5-EF2D2AEC02F0}"
EndProject
Project("{FAE04EC0-301F-11D3-BF4B-00C04F79EFBC}") = "Contracts.DAL.App", "Contracts.DAL.App\Contracts.DAL.App.csproj", "{DD8E1CF1-B3A1-460C-841E-C7CF5D5F63A4}"
EndProject
Project("{2150E333-8FDC-42A3-9474-1A3956D46DE8}") = "DAL", "DAL", "{D77B5641-DD49-4329-80AF-EC7C0CB7B134}"
EndProject
Project("{2150E333-8FDC-42A3-9474-1A3956D46DE8}") = "Domain", "Domain", "{1E618DD7-BF73-40FA-B7FF-977FC574F73D}"
EndProject
Project("{FAE04EC0-301F-11D3-BF4B-00C04F79EFBC}") = "DAL.App.DTO", "DAL.App.DTO\DAL.App.DTO.csproj", "{BBC6D3C9-7EE5-4DAA-B55D-A85B913975BB}"
EndProject
Global
	GlobalSection(SolutionConfigurationPlatforms) = preSolution
		Debug|Any CPU = Debug|Any CPU
		Release|Any CPU = Release|Any CPU
	EndGlobalSection
	GlobalSection(ProjectConfigurationPlatforms) = postSolution
		{586391AE-0906-4B0C-809B-3B41D5182C00}.Debug|Any CPU.ActiveCfg = Debug|Any CPU
		{586391AE-0906-4B0C-809B-3B41D5182C00}.Debug|Any CPU.Build.0 = Debug|Any CPU
		{586391AE-0906-4B0C-809B-3B41D5182C00}.Release|Any CPU.ActiveCfg = Release|Any CPU
		{586391AE-0906-4B0C-809B-3B41D5182C00}.Release|Any CPU.Build.0 = Release|Any CPU
		{D645A143-D392-4473-95DC-7A30EAD0136C}.Debug|Any CPU.ActiveCfg = Debug|Any CPU
		{D645A143-D392-4473-95DC-7A30EAD0136C}.Debug|Any CPU.Build.0 = Debug|Any CPU
		{D645A143-D392-4473-95DC-7A30EAD0136C}.Release|Any CPU.ActiveCfg = Release|Any CPU
		{D645A143-D392-4473-95DC-7A30EAD0136C}.Release|Any CPU.Build.0 = Release|Any CPU
		{DB7B1522-EE31-4488-8DA2-F917056FCC5D}.Debug|Any CPU.ActiveCfg = Debug|Any CPU
		{DB7B1522-EE31-4488-8DA2-F917056FCC5D}.Debug|Any CPU.Build.0 = Debug|Any CPU
		{DB7B1522-EE31-4488-8DA2-F917056FCC5D}.Release|Any CPU.ActiveCfg = Release|Any CPU
		{DB7B1522-EE31-4488-8DA2-F917056FCC5D}.Release|Any CPU.Build.0 = Release|Any CPU
		{958ECEFF-BAF6-4263-B395-246C25F193E4}.Debug|Any CPU.ActiveCfg = Debug|Any CPU
		{958ECEFF-BAF6-4263-B395-246C25F193E4}.Debug|Any CPU.Build.0 = Debug|Any CPU
		{958ECEFF-BAF6-4263-B395-246C25F193E4}.Release|Any CPU.ActiveCfg = Release|Any CPU
		{958ECEFF-BAF6-4263-B395-246C25F193E4}.Release|Any CPU.Build.0 = Release|Any CPU
		{4550BB03-66CA-4939-8D68-90B5A6205B41}.Debug|Any CPU.ActiveCfg = Debug|Any CPU
		{4550BB03-66CA-4939-8D68-90B5A6205B41}.Debug|Any CPU.Build.0 = Debug|Any CPU
		{4550BB03-66CA-4939-8D68-90B5A6205B41}.Release|Any CPU.ActiveCfg = Release|Any CPU
		{4550BB03-66CA-4939-8D68-90B5A6205B41}.Release|Any CPU.Build.0 = Release|Any CPU
		{9978A92B-BD9E-4B14-A184-C28B09653544}.Debug|Any CPU.ActiveCfg = Debug|Any CPU
		{9978A92B-BD9E-4B14-A184-C28B09653544}.Debug|Any CPU.Build.0 = Debug|Any CPU
		{9978A92B-BD9E-4B14-A184-C28B09653544}.Release|Any CPU.ActiveCfg = Release|Any CPU
		{9978A92B-BD9E-4B14-A184-C28B09653544}.Release|Any CPU.Build.0 = Release|Any CPU
		{EE414258-1A1D-4222-A2E5-EF2D2AEC02F0}.Debug|Any CPU.ActiveCfg = Debug|Any CPU
		{EE414258-1A1D-4222-A2E5-EF2D2AEC02F0}.Debug|Any CPU.Build.0 = Debug|Any CPU
		{EE414258-1A1D-4222-A2E5-EF2D2AEC02F0}.Release|Any CPU.ActiveCfg = Release|Any CPU
		{EE414258-1A1D-4222-A2E5-EF2D2AEC02F0}.Release|Any CPU.Build.0 = Release|Any CPU
		{DD8E1CF1-B3A1-460C-841E-C7CF5D5F63A4}.Debug|Any CPU.ActiveCfg = Debug|Any CPU
		{DD8E1CF1-B3A1-460C-841E-C7CF5D5F63A4}.Debug|Any CPU.Build.0 = Debug|Any CPU
		{DD8E1CF1-B3A1-460C-841E-C7CF5D5F63A4}.Release|Any CPU.ActiveCfg = Release|Any CPU
		{DD8E1CF1-B3A1-460C-841E-C7CF5D5F63A4}.Release|Any CPU.Build.0 = Release|Any CPU
		{BBC6D3C9-7EE5-4DAA-B55D-A85B913975BB}.Debug|Any CPU.ActiveCfg = Debug|Any CPU
		{BBC6D3C9-7EE5-4DAA-B55D-A85B913975BB}.Debug|Any CPU.Build.0 = Debug|Any CPU
		{BBC6D3C9-7EE5-4DAA-B55D-A85B913975BB}.Release|Any CPU.ActiveCfg = Release|Any CPU
		{BBC6D3C9-7EE5-4DAA-B55D-A85B913975BB}.Release|Any CPU.Build.0 = Release|Any CPU
	EndGlobalSection
	GlobalSection(NestedProjects) = preSolution
		{DD8E1CF1-B3A1-460C-841E-C7CF5D5F63A4} = {D77B5641-DD49-4329-80AF-EC7C0CB7B134}
		{9978A92B-BD9E-4B14-A184-C28B09653544} = {D77B5641-DD49-4329-80AF-EC7C0CB7B134}
		{D645A143-D392-4473-95DC-7A30EAD0136C} = {D77B5641-DD49-4329-80AF-EC7C0CB7B134}
		{BBC6D3C9-7EE5-4DAA-B55D-A85B913975BB} = {D77B5641-DD49-4329-80AF-EC7C0CB7B134}
		{4550BB03-66CA-4939-8D68-90B5A6205B41} = {D77B5641-DD49-4329-80AF-EC7C0CB7B134}
		{EE414258-1A1D-4222-A2E5-EF2D2AEC02F0} = {1E618DD7-BF73-40FA-B7FF-977FC574F73D}
		{DB7B1522-EE31-4488-8DA2-F917056FCC5D} = {1E618DD7-BF73-40FA-B7FF-977FC574F73D}
	EndGlobalSection
EndGlobal
